
Microsoft Visual Studio Solution File, Format Version 12.00
# Visual Studio Version 17
VisualStudioVersion = 17.14.36518.9 d17.14
MinimumVisualStudioVersion = 10.0.40219.1
Project("{FAE04EC0-301F-11D3-BF4B-00C04F79EFBC}") = "my game", "my game\my game.csproj", "{62CA43E1-7323-4CFF-B77E-DD1BB68725A7}"
EndProject
Global
	GlobalSection(SolutionConfigurationPlatforms) = preSolution
		Debug|Any CPU = Debug|Any CPU
		Release|Any CPU = Release|Any CPU
	EndGlobalSection
	GlobalSection(ProjectConfigurationPlatforms) = postSolution
		{62CA43E1-7323-4CFF-B77E-DD1BB68725A7}.Debug|Any CPU.ActiveCfg = Debug|Any CPU
		{62CA43E1-7323-4CFF-B77E-DD1BB68725A7}.Debug|Any CPU.Build.0 = Debug|Any CPU
		{62CA43E1-7323-4CFF-B77E-DD1BB68725A7}.Release|Any CPU.ActiveCfg = Release|Any CPU
		{62CA43E1-7323-4CFF-B77E-DD1BB68725A7}.Release|Any CPU.Build.0 = Release|Any CPU
	EndGlobalSection
	GlobalSection(SolutionProperties) = preSolution
		HideSolutionNode = FALSE
	EndGlobalSection
	GlobalSection(ExtensibilityGlobals) = postSolution
		SolutionGuid = {760BDBF0-FC7F-4B45-AD57-C5BA664FC41D}
	EndGlobalSection
EndGlobal
